
Microsoft Visual Studio Solution File, Format Version 12.00
# Visual Studio 15
VisualStudioVersion = 15.0.28307.1259
MinimumVisualStudioVersion = 10.0.40219.1
Project("{8BC9CEB8-8B4A-11D0-8D11-00A0C91BC942}") = "HW", "HW\HW.vcxproj", "{5CBB201C-5050-471F-B6D2-4A6BA8FD6CEA}"
EndProject
Global
	GlobalSection(SolutionConfigurationPlatforms) = preSolution
		Debug|x64 = Debug|x64
		Debug|x86 = Debug|x86
		Release|x64 = Release|x64
		Release|x86 = Release|x86
	EndGlobalSection
	GlobalSection(ProjectConfigurationPlatforms) = postSolution
		{5CBB201C-5050-471F-B6D2-4A6BA8FD6CEA}.Debug|x64.ActiveCfg = Debug|x64
		{5CBB201C-5050-471F-B6D2-4A6BA8FD6CEA}.Debug|x64.Build.0 = Debug|x64
		{5CBB201C-5050-471F-B6D2-4A6BA8FD6CEA}.Debug|x86.ActiveCfg = Debug|Win32
		{5CBB201C-5050-471F-B6D2-4A6BA8FD6CEA}.Debug|x86.Build.0 = Debug|Win32
		{5CBB201C-5050-471F-B6D2-4A6BA8FD6CEA}.Release|x64.ActiveCfg = Release|x64
		{5CBB201C-5050-471F-B6D2-4A6BA8FD6CEA}.Release|x64.Build.0 = Release|x64
		{5CBB201C-5050-471F-B6D2-4A6BA8FD6CEA}.Release|x86.ActiveCfg = Release|Win32
		{5CBB201C-5050-471F-B6D2-4A6BA8FD6CEA}.Release|x86.Build.0 = Release|Win32
	EndGlobalSection
	GlobalSection(SolutionProperties) = preSolution
		HideSolutionNode = FALSE
	EndGlobalSection
	GlobalSection(ExtensibilityGlobals) = postSolution
		SolutionGuid = {0347FE36-C1EA-4A07-90DB-B400F4E6A511}
	EndGlobalSection
EndGlobal
